# This file was autogenerated by Stack.
# You should not edit this file by hand.
# For more information, please see the documentation at:
#   https://docs.haskellstack.org/en/stable/lock_files

packages:
- completed:
    hackage: nanovg-0.8.0.0@sha256:0183b4295ccc2dfb94a7eca977fb45759e1480652578936aa7b71bb4b9626480,4742
    pantry-tree:
      size: 2558
      sha256: 0acd44b6f4f50d20bb162084895e052d9437e4de18f988c06e5acf9f85497e1c
  original:
    hackage: nanovg-0.8.0.0
- completed:
    hackage: monomer-1.3.0.0@sha256:82bb1ab764d0ff621073ddcea4d9b4fe56410977c819ffcec4a00d823817e1cb,16184
    pantry-tree:
      size: 13936
      sha256: 6972485b1da425a7af7be4407217748fc83fbef272d9c7174ca65cd7faf201bb
  original:
    hackage: monomer-1.3.0.0
snapshots:
- completed:
    size: 586292
    url: https://raw.githubusercontent.com/commercialhaskell/stackage-snapshots/master/lts/18/17.yaml
    sha256: e66e70a7f998036025e8f40abc89b8eeb79c88f57727020cba1b54f375aa7ca0
  original: lts-18.17
