# This file was autogenerated by Stack.
# You should not edit this file by hand.
# For more information, please see the documentation at:
#   https://docs.haskellstack.org/en/stable/lock_files

packages:
- completed:
    hackage: nanovg-0.8.0.0@sha256:0183b4295ccc2dfb94a7eca977fb45759e1480652578936aa7b71bb4b9626480,4742
    pantry-tree:
      size: 2558
      sha256: 0acd44b6f4f50d20bb162084895e052d9437e4de18f988c06e5acf9f85497e1c
  original:
    hackage: nanovg-0.8.0.0
- completed:
    hackage: parallel-io-0.3.5@sha256:97db32eb84b3141f4957f6d208c0ef8adce647cbf68099417e93c7d9a45f9b35,3482
    pantry-tree:
      size: 706
      sha256: 9c81a6a331620aca19c7f8cfb88df2a9584346820687d75147b2a7bab87e112b
  original:
    hackage: parallel-io-0.3.5
- completed:
    hackage: DRBG-0.5.5@sha256:3b8040bed356e2b63927a27fb6d5adbd19d70c9e1d1bb66111bbeb33e56900eb,2259
    pantry-tree:
      size: 896
      sha256: 586ee2257b255cb7f2a3663711199f9de9e70445ce7cb192f5af07dd66eadac2
  original:
    hackage: DRBG-0.5.5@sha256:3b8040bed356e2b63927a27fb6d5adbd19d70c9e1d1bb66111bbeb33e56900eb,2259
- completed:
    hackage: cipher-aes128-0.7.0.6@sha256:6efdf4af08772b6c99e47ec7586bdc26deb33d8ca797c64affcb4bd7aaae9884,3413
    pantry-tree:
      size: 1232
      sha256: c6e97f26dcb0975380131fc0899a2a4d44c5b1adefcfa471fa9008b68300ffac
  original:
    hackage: cipher-aes128-0.7.0.6@sha256:6efdf4af08772b6c99e47ec7586bdc26deb33d8ca797c64affcb4bd7aaae9884,3413
- completed:
    hackage: cryptohash-sha256-0.11.102.1@sha256:188d0b5a0491e8b686b32d9b144c9287760ba333d2509bf3f17e3d846fbc2332,5629
    pantry-tree:
      size: 726
      sha256: 081a11b38601ba83db14767b7a0664846bd6bc4902c1d3c5efa6ca5e5ee45f51
  original:
    hackage: cryptohash-sha256-0.11.102.1@sha256:188d0b5a0491e8b686b32d9b144c9287760ba333d2509bf3f17e3d846fbc2332,5629
- completed:
    hackage: datetime-0.3.1@sha256:7e275bd0ce7a2f66445bedfa0006abaf4d41af4c2204c3f8004c17eab5480e74,1534
    pantry-tree:
      size: 334
      sha256: d41d182c143676464cb1774f0b7777e870ddeaf8b6cd5fee6ff0114997a1f504
  original:
    hackage: datetime-0.3.1@sha256:7e275bd0ce7a2f66445bedfa0006abaf4d41af4c2204c3f8004c17eab5480e74,1534
- completed:
    name: secp256k1-schnorr
    version: 0.0.1
    git: https://github.com/prolic/secp256k1-schnorr.git
    pantry-tree:
      size: 773
      sha256: 5bb4b424c06201b0ba480a1eb86406bf1dd938951bb0f4f7fcd39399c0d453d9
    commit: bdfb38a9cf170e95c373ceb564f7c5e5232b6542
  original:
    git: https://github.com/prolic/secp256k1-schnorr.git
    commit: bdfb38a9cf170e95c373ceb564f7c5e5232b6542
- completed:
    name: monomer
    version: 1.4.1.0
    git: https://github.com/prolic/monomer.git
    pantry-tree:
      size: 17336
      sha256: f7d0691e4f6c000acecfaf9e362d4b1ed4479817f64c4721166fa1667a0d3c00
    commit: d4fb0a5c4f377f9e4cdd5db124beae97c8e5c8dd
  original:
    git: https://github.com/prolic/monomer.git
    commit: d4fb0a5c4f377f9e4cdd5db124beae97c8e5c8dd
snapshots:
- completed:
    size: 586292
    url: https://raw.githubusercontent.com/commercialhaskell/stackage-snapshots/master/lts/18/17.yaml
    sha256: e66e70a7f998036025e8f40abc89b8eeb79c88f57727020cba1b54f375aa7ca0
  original: lts-18.17
